
Microsoft Visual Studio Solution File, Format Version 12.00
# Visual Studio Version 16
VisualStudioVersion = 16.0.30104.148
MinimumVisualStudioVersion = 10.0.40219.1
Project("{FAE04EC0-301F-11D3-BF4B-00C04F79EFBC}") = "EjerciciosCap1_2y3", "EjerciciosCap1_2y3\EjerciciosCap1_2y3.csproj", "{F79289AB-B566-4290-B4CB-BB4841912AF9}"
EndProject
Global
	GlobalSection(SolutionConfigurationPlatforms) = preSolution
		Debug|Any CPU = Debug|Any CPU
		Release|Any CPU = Release|Any CPU
	EndGlobalSection
	GlobalSection(ProjectConfigurationPlatforms) = postSolution
		{F79289AB-B566-4290-B4CB-BB4841912AF9}.Debug|Any CPU.ActiveCfg = Debug|Any CPU
		{F79289AB-B566-4290-B4CB-BB4841912AF9}.Debug|Any CPU.Build.0 = Debug|Any CPU
		{F79289AB-B566-4290-B4CB-BB4841912AF9}.Release|Any CPU.ActiveCfg = Release|Any CPU
		{F79289AB-B566-4290-B4CB-BB4841912AF9}.Release|Any CPU.Build.0 = Release|Any CPU
	EndGlobalSection
	GlobalSection(SolutionProperties) = preSolution
		HideSolutionNode = FALSE
	EndGlobalSection
	GlobalSection(ExtensibilityGlobals) = postSolution
		SolutionGuid = {575A637A-4C4C-4CF2-BEC5-25DD4298E425}
	EndGlobalSection
EndGlobal
